// !$*UTF8*$!
{
	archiveVersion = 1;
	classes = {
	};
	objectVersion = 46;
	objects = {

/* Begin PBXBuildFile section */
		471B81CE3D02A126ED7C6159 /* Pods.framework in Frameworks */ = {isa = PBXBuildFile; fileRef = 3B3C08444ECFF1B8F04645BB /* Pods.framework */; };
		6389816A1C66785100DA1D46 /* AppDelegate.swift in Sources */ = {isa = PBXBuildFile; fileRef = 638981691C66785100DA1D46 /* AppDelegate.swift */; };
		638981711C66785200DA1D46 /* Assets.xcassets in Resources */ = {isa = PBXBuildFile; fileRef = 638981701C66785200DA1D46 /* Assets.xcassets */; };
		638981741C66785200DA1D46 /* LaunchScreen.storyboard in Resources */ = {isa = PBXBuildFile; fileRef = 638981721C66785200DA1D46 /* LaunchScreen.storyboard */; };
		638981811C667A7400DA1D46 /* MenuItem.swift in Sources */ = {isa = PBXBuildFile; fileRef = 638981801C667A7400DA1D46 /* MenuItem.swift */; };
		638981831C667C7300DA1D46 /* MenuViewController.swift in Sources */ = {isa = PBXBuildFile; fileRef = 638981821C667C7300DA1D46 /* MenuViewController.swift */; };
		638981851C66841900DA1D46 /* MenuViewController.xib in Resources */ = {isa = PBXBuildFile; fileRef = 638981841C66841900DA1D46 /* MenuViewController.xib */; };
		638981871C668CA100DA1D46 /* WebViewController.swift in Sources */ = {isa = PBXBuildFile; fileRef = 638981861C668CA100DA1D46 /* WebViewController.swift */; };
		638981891C668D0900DA1D46 /* WebViewController.xib in Resources */ = {isa = PBXBuildFile; fileRef = 638981881C668D0900DA1D46 /* WebViewController.xib */; };
		6389818B1C66905700DA1D46 /* menuItems.json in Resources */ = {isa = PBXBuildFile; fileRef = 6389818A1C66905700DA1D46 /* menuItems.json */; };
		6389818D1C67B0DA00DA1D46 /* drawer_icon.png in Resources */ = {isa = PBXBuildFile; fileRef = 6389818C1C67B0D900DA1D46 /* drawer_icon.png */; };
/* End PBXBuildFile section */

/* Begin PBXFileReference section */
		3B3C08444ECFF1B8F04645BB /* Pods.framework */ = {isa = PBXFileReference; explicitFileType = wrapper.framework; includeInIndex = 0; path = Pods.framework; sourceTree = BUILT_PRODUCTS_DIR; };
		638981661C66785100DA1D46 /* NavigationDrawer.app */ = {isa = PBXFileReference; explicitFileType = wrapper.application; includeInIndex = 0; path = NavigationDrawer.app; sourceTree = BUILT_PRODUCTS_DIR; };
		638981691C66785100DA1D46 /* AppDelegate.swift */ = {isa = PBXFileReference; lastKnownFileType = sourcecode.swift; path = AppDelegate.swift; sourceTree = "<group>"; };
		638981701C66785200DA1D46 /* Assets.xcassets */ = {isa = PBXFileReference; lastKnownFileType = folder.assetcatalog; path = Assets.xcassets; sourceTree = "<group>"; };
		638981731C66785200DA1D46 /* Base */ = {isa = PBXFileReference; lastKnownFileType = file.storyboard; name = Base; path = Base.lproj/LaunchScreen.storyboard; sourceTree = "<group>"; };
		638981751C66785200DA1D46 /* Info.plist */ = {isa = PBXFileReference; lastKnownFileType = text.plist.xml; path = Info.plist; sourceTree = "<group>"; };
		638981801C667A7400DA1D46 /* MenuItem.swift */ = {isa = PBXFileReference; fileEncoding = 4; lastKnownFileType = sourcecode.swift; path = MenuItem.swift; sourceTree = "<group>"; };
		638981821C667C7300DA1D46 /* MenuViewController.swift */ = {isa = PBXFileReference; fileEncoding = 4; lastKnownFileType = sourcecode.swift; name = MenuViewController.swift; path = controller/MenuViewController.swift; sourceTree = "<group>"; };
		638981841C66841900DA1D46 /* MenuViewController.xib */ = {isa = PBXFileReference; fileEncoding = 4; lastKnownFileType = file.xib; path = MenuViewController.xib; sourceTree = "<group>"; };
		638981861C668CA100DA1D46 /* WebViewController.swift */ = {isa = PBXFileReference; fileEncoding = 4; lastKnownFileType = sourcecode.swift; name = WebViewController.swift; path = controller/WebViewController.swift; sourceTree = "<group>"; };
		638981881C668D0900DA1D46 /* WebViewController.xib */ = {isa = PBXFileReference; fileEncoding = 4; lastKnownFileType = file.xib; path = WebViewController.xib; sourceTree = "<group>"; };
		6389818A1C66905700DA1D46 /* menuItems.json */ = {isa = PBXFileReference; fileEncoding = 4; lastKnownFileType = text.json; name = menuItems.json; path = resources/menuItems.json; sourceTree = "<group>"; };
		6389818C1C67B0D900DA1D46 /* drawer_icon.png */ = {isa = PBXFileReference; lastKnownFileType = image.png; path = drawer_icon.png; sourceTree = "<group>"; };
		A684BBF3421685506F29DC09 /* Pods.release.xcconfig */ = {isa = PBXFileReference; includeInIndex = 1; lastKnownFileType = text.xcconfig; name = Pods.release.xcconfig; path = "Pods/Target Support Files/Pods/Pods.release.xcconfig"; sourceTree = "<group>"; };
		AED6530D9FE65E64A07AC38B /* Pods.debug.xcconfig */ = {isa = PBXFileReference; includeInIndex = 1; lastKnownFileType = text.xcconfig; name = Pods.debug.xcconfig; path = "Pods/Target Support Files/Pods/Pods.debug.xcconfig"; sourceTree = "<group>"; };
/* End PBXFileReference section */

/* Begin PBXFrameworksBuildPhase section */
		638981631C66785100DA1D46 /* Frameworks */ = {
			isa = PBXFrameworksBuildPhase;
			buildActionMask = 2147483647;
			files = (
				471B81CE3D02A126ED7C6159 /* Pods.framework in Frameworks */,
			);
			runOnlyForDeploymentPostprocessing = 0;
		};
/* End PBXFrameworksBuildPhase section */

/* Begin PBXGroup section */
		1D13BA917B51A7A146AA8503 /* Pods */ = {
			isa = PBXGroup;
			children = (
				AED6530D9FE65E64A07AC38B /* Pods.debug.xcconfig */,
				A684BBF3421685506F29DC09 /* Pods.release.xcconfig */,
			);
			name = Pods;
			sourceTree = "<group>";
		};
		6389815D1C66785000DA1D46 = {
			isa = PBXGroup;
			children = (
				638981681C66785100DA1D46 /* NavigationDrawer */,
				638981671C66785100DA1D46 /* Products */,
				1D13BA917B51A7A146AA8503 /* Pods */,
				E379C59F83DD975FEA93E5F6 /* Frameworks */,
			);
			sourceTree = "<group>";
		};
		638981671C66785100DA1D46 /* Products */ = {
			isa = PBXGroup;
			children = (
				638981661C66785100DA1D46 /* NavigationDrawer.app */,
			);
			name = Products;
			sourceTree = "<group>";
		};
		638981681C66785100DA1D46 /* NavigationDrawer */ = {
			isa = PBXGroup;
			children = (
				6389817B1C6678E200DA1D46 /* controller */,
				6389817D1C6678ED00DA1D46 /* model */,
				6389817C1C6678E800DA1D46 /* view */,
				638981691C66785100DA1D46 /* AppDelegate.swift */,
				6389817F1C6678F800DA1D46 /* xib */,
				6389817E1C6678F300DA1D46 /* resources */,
				638981701C66785200DA1D46 /* Assets.xcassets */,
				638981721C66785200DA1D46 /* LaunchScreen.storyboard */,
				638981751C66785200DA1D46 /* Info.plist */,
			);
			path = NavigationDrawer;
			sourceTree = "<group>";
		};
		6389817B1C6678E200DA1D46 /* controller */ = {
			isa = PBXGroup;
			children = (
				638981821C667C7300DA1D46 /* MenuViewController.swift */,
				638981861C668CA100DA1D46 /* WebViewController.swift */,
			);
			name = controller;
			sourceTree = "<group>";
		};
		6389817C1C6678E800DA1D46 /* view */ = {
			isa = PBXGroup;
			children = (
			);
			name = view;
			sourceTree = "<group>";
		};
		6389817D1C6678ED00DA1D46 /* model */ = {
			isa = PBXGroup;
			children = (
				638981801C667A7400DA1D46 /* MenuItem.swift */,
			);
			name = model;
			sourceTree = "<group>";
		};
		6389817E1C6678F300DA1D46 /* resources */ = {
			isa = PBXGroup;
			children = (
				6389818A1C66905700DA1D46 /* menuItems.json */,
				6389818C1C67B0D900DA1D46 /* drawer_icon.png */,
			);
			name = resources;
			sourceTree = "<group>";
		};
		6389817F1C6678F800DA1D46 /* xib */ = {
			isa = PBXGroup;
			children = (
				638981841C66841900DA1D46 /* MenuViewController.xib */,
				638981881C668D0900DA1D46 /* WebViewController.xib */,
			);
			name = xib;
			sourceTree = "<group>";
		};
		E379C59F83DD975FEA93E5F6 /* Frameworks */ = {
			isa = PBXGroup;
			children = (
				3B3C08444ECFF1B8F04645BB /* Pods.framework */,
			);
			name = Frameworks;
			sourceTree = "<group>";
		};
/* End PBXGroup section */

/* Begin PBXNativeTarget section */
		638981651C66785100DA1D46 /* NavigationDrawer */ = {
			isa = PBXNativeTarget;
			buildConfigurationList = 638981781C66785200DA1D46 /* Build configuration list for PBXNativeTarget "NavigationDrawer" */;
			buildPhases = (
				C7FD0EEF4980F23E9F887FF5 /* Check Pods Manifest.lock */,
				638981621C66785100DA1D46 /* Sources */,
				638981631C66785100DA1D46 /* Frameworks */,
				638981641C66785100DA1D46 /* Resources */,
				92413C231E4170D5A7264A71 /* Embed Pods Frameworks */,
				277E83395B2A5B261EB5942E /* Copy Pods Resources */,
			);
			buildRules = (
			);
			dependencies = (
			);
			name = NavigationDrawer;
			productName = NavigationDrawer;
			productReference = 638981661C66785100DA1D46 /* NavigationDrawer.app */;
			productType = "com.apple.product-type.application";
		};
/* End PBXNativeTarget section */

/* Begin PBXProject section */
		6389815E1C66785000DA1D46 /* Project object */ = {
			isa = PBXProject;
			attributes = {
				LastSwiftUpdateCheck = 0720;
				LastUpgradeCheck = 0720;
				ORGANIZATIONNAME = "Martin Mitrevski";
				TargetAttributes = {
					638981651C66785100DA1D46 = {
						CreatedOnToolsVersion = 7.2;
					};
				};
			};
			buildConfigurationList = 638981611C66785000DA1D46 /* Build configuration list for PBXProject "NavigationDrawer" */;
			compatibilityVersion = "Xcode 3.2";
			developmentRegion = English;
			hasScannedForEncodings = 0;
			knownRegions = (
				en,
				Base,
			);
			mainGroup = 6389815D1C66785000DA1D46;
			productRefGroup = 638981671C66785100DA1D46 /* Products */;
			projectDirPath = "";
			projectRoot = "";
			targets = (
				638981651C66785100DA1D46 /* NavigationDrawer */,
			);
		};
/* End PBXProject section */

/* Begin PBXResourcesBuildPhase section */
		638981641C66785100DA1D46 /* Resources */ = {
			isa = PBXResourcesBuildPhase;
			buildActionMask = 2147483647;
			files = (
				638981741C66785200DA1D46 /* LaunchScreen.storyboard in Resources */,
				638981711C66785200DA1D46 /* Assets.xcassets in Resources */,
				638981851C66841900DA1D46 /* MenuViewController.xib in Resources */,
				6389818D1C67B0DA00DA1D46 /* drawer_icon.png in Resources */,
				6389818B1C66905700DA1D46 /* menuItems.json in Resources */,
				638981891C668D0900DA1D46 /* WebViewController.xib in Resources */,
			);
			runOnlyForDeploymentPostprocessing = 0;
		};
/* End PBXResourcesBuildPhase section */

/* Begin PBXShellScriptBuildPhase section */
		277E83395B2A5B261EB5942E /* Copy Pods Resources */ = {
			isa = PBXShellScriptBuildPhase;
			buildActionMask = 2147483647;
			files = (
			);
			inputPaths = (
			);
			name = "Copy Pods Resources";
			outputPaths = (
			);
			runOnlyForDeploymentPostprocessing = 0;
			shellPath = /bin/sh;
			shellScript = "\"${SRCROOT}/Pods/Target Support Files/Pods/Pods-resources.sh\"\n";
			showEnvVarsInLog = 0;
		};
		92413C231E4170D5A7264A71 /* Embed Pods Frameworks */ = {
			isa = PBXShellScriptBuildPhase;
			buildActionMask = 2147483647;
			files = (
			);
			inputPaths = (
			);
			name = "Embed Pods Frameworks";
			outputPaths = (
			);
			runOnlyForDeploymentPostprocessing = 0;
			shellPath = /bin/sh;
			shellScript = "\"${SRCROOT}/Pods/Target Support Files/Pods/Pods-frameworks.sh\"\n";
			showEnvVarsInLog = 0;
		};
		C7FD0EEF4980F23E9F887FF5 /* Check Pods Manifest.lock */ = {
			isa = PBXShellScriptBuildPhase;
			buildActionMask = 2147483647;
			files = (
			);
			inputPaths = (
			);
			name = "Check Pods Manifest.lock";
			outputPaths = (
			);
			runOnlyForDeploymentPostprocessing = 0;
			shellPath = /bin/sh;
			shellScript = "diff \"${PODS_ROOT}/../Podfile.lock\" \"${PODS_ROOT}/Manifest.lock\" > /dev/null\nif [[ $? != 0 ]] ; then\n    cat << EOM\nerror: The sandbox is not in sync with the Podfile.lock. Run 'pod install' or update your CocoaPods installation.\nEOM\n    exit 1\nfi\n";
			showEnvVarsInLog = 0;
		};
/* End PBXShellScriptBuildPhase section */

/* Begin PBXSourcesBuildPhase section */
		638981621C66785100DA1D46 /* Sources */ = {
			isa = PBXSourcesBuildPhase;
			buildActionMask = 2147483647;
			files = (
				6389816A1C66785100DA1D46 /* AppDelegate.swift in Sources */,
				638981831C667C7300DA1D46 /* MenuViewController.swift in Sources */,
				638981811C667A7400DA1D46 /* MenuItem.swift in Sources */,
				638981871C668CA100DA1D46 /* WebViewController.swift in Sources */,
			);
			runOnlyForDeploymentPostprocessing = 0;
		};
/* End PBXSourcesBuildPhase section */

/* Begin PBXVariantGroup section */
		638981721C66785200DA1D46 /* LaunchScreen.storyboard */ = {
			isa = PBXVariantGroup;
			children = (
				638981731C66785200DA1D46 /* Base */,
			);
			name = LaunchScreen.storyboard;
			sourceTree = "<group>";
		};
/* End PBXVariantGroup section */

/* Begin XCBuildConfiguration section */
		638981761C66785200DA1D46 /* Debug */ = {
			isa = XCBuildConfiguration;
			buildSettings = {
				ALWAYS_SEARCH_USER_PATHS = NO;
				CLANG_CXX_LANGUAGE_STANDARD = "gnu++0x";
				CLANG_CXX_LIBRARY = "libc++";
				CLANG_ENABLE_MODULES = YES;
				CLANG_ENABLE_OBJC_ARC = YES;
				CLANG_WARN_BOOL_CONVERSION = YES;
				CLANG_WARN_CONSTANT_CONVERSION = YES;
				CLANG_WARN_DIRECT_OBJC_ISA_USAGE = YES_ERROR;
				CLANG_WARN_EMPTY_BODY = YES;
				CLANG_WARN_ENUM_CONVERSION = YES;
				CLANG_WARN_INT_CONVERSION = YES;
				CLANG_WARN_OBJC_ROOT_CLASS = YES_ERROR;
				CLANG_WARN_UNREACHABLE_CODE = YES;
				CLANG_WARN__DUPLICATE_METHOD_MATCH = YES;
				"CODE_SIGN_IDENTITY[sdk=iphoneos*]" = "iPhone Developer";
				COPY_PHASE_STRIP = NO;
				DEBUG_INFORMATION_FORMAT = dwarf;
				ENABLE_STRICT_OBJC_MSGSEND = YES;
				ENABLE_TESTABILITY = YES;
				GCC_C_LANGUAGE_STANDARD = gnu99;
				GCC_DYNAMIC_NO_PIC = NO;
				GCC_NO_COMMON_BLOCKS = YES;
				GCC_OPTIMIZATION_LEVEL = 0;
				GCC_PREPROCESSOR_DEFINITIONS = (
					"DEBUG=1",
					"$(inherited)",
				);
				GCC_WARN_64_TO_32_BIT_CONVERSION = YES;
				GCC_WARN_ABOUT_RETURN_TYPE = YES_ERROR;
				GCC_WARN_UNDECLARED_SELECTOR = YES;
				GCC_WARN_UNINITIALIZED_AUTOS = YES_AGGRESSIVE;
				GCC_WARN_UNUSED_FUNCTION = YES;
				GCC_WARN_UNUSED_VARIABLE = YES;
				IPHONEOS_DEPLOYMENT_TARGET = 9.2;
				MTL_ENABLE_DEBUG_INFO = YES;
				ONLY_ACTIVE_ARCH = YES;
				SDKROOT = iphoneos;
				SWIFT_OPTIMIZATION_LEVEL = "-Onone";
			};
			name = Debug;
		};
		638981771C66785200DA1D46 /* Release */ = {
			isa = XCBuildConfiguration;
			buildSettings = {
				ALWAYS_SEARCH_USER_PATHS = NO;
				CLANG_CXX_LANGUAGE_STANDARD = "gnu++0x";
				CLANG_CXX_LIBRARY = "libc++";
				CLANG_ENABLE_MODULES = YES;
				CLANG_ENABLE_OBJC_ARC = YES;
				CLANG_WARN_BOOL_CONVERSION = YES;
				CLANG_WARN_CONSTANT_CONVERSION = YES;
				CLANG_WARN_DIRECT_OBJC_ISA_USAGE = YES_ERROR;
				CLANG_WARN_EMPTY_BODY = YES;
				CLANG_WARN_ENUM_CONVERSION = YES;
				CLANG_WARN_INT_CONVERSION = YES;
				CLANG_WARN_OBJC_ROOT_CLASS = YES_ERROR;
				CLANG_WARN_UNREACHABLE_CODE = YES;
				CLANG_WARN__DUPLICATE_METHOD_MATCH = YES;
				"CODE_SIGN_IDENTITY[sdk=iphoneos*]" = "iPhone Developer";
				COPY_PHASE_STRIP = NO;
				DEBUG_INFORMATION_FORMAT = "dwarf-with-dsym";
				ENABLE_NS_ASSERTIONS = NO;
				ENABLE_STRICT_OBJC_MSGSEND = YES;
				GCC_C_LANGUAGE_STANDARD = gnu99;
				GCC_NO_COMMON_BLOCKS = YES;
				GCC_WARN_64_TO_32_BIT_CONVERSION = YES;
				GCC_WARN_ABOUT_RETURN_TYPE = YES_ERROR;
				GCC_WARN_UNDECLARED_SELECTOR = YES;
				GCC_WARN_UNINITIALIZED_AUTOS = YES_AGGRESSIVE;
				GCC_WARN_UNUSED_FUNCTION = YES;
				GCC_WARN_UNUSED_VARIABLE = YES;
				IPHONEOS_DEPLOYMENT_TARGET = 9.2;
				MTL_ENABLE_DEBUG_INFO = NO;
				SDKROOT = iphoneos;
				VALIDATE_PRODUCT = YES;
			};
			name = Release;
		};
		638981791C66785200DA1D46 /* Debug */ = {
			isa = XCBuildConfiguration;
			baseConfigurationReference = AED6530D9FE65E64A07AC38B /* Pods.debug.xcconfig */;
			buildSettings = {
				ASSETCATALOG_COMPILER_APPICON_NAME = AppIcon;
				INFOPLIST_FILE = NavigationDrawer/Info.plist;
				IPHONEOS_DEPLOYMENT_TARGET = 8.0;
				LD_RUNPATH_SEARCH_PATHS = "$(inherited) @executable_path/Frameworks";
				PRODUCT_BUNDLE_IDENTIFIER = com.mitrevski.NavigationDrawer;
				PRODUCT_NAME = "$(TARGET_NAME)";
			};
			name = Debug;
		};
		6389817A1C66785200DA1D46 /* Release */ = {
			isa = XCBuildConfiguration;
			baseConfigurationReference = A684BBF3421685506F29DC09 /* Pods.release.xcconfig */;
			buildSettings = {
				ASSETCATALOG_COMPILER_APPICON_NAME = AppIcon;
				INFOPLIST_FILE = NavigationDrawer/Info.plist;
				IPHONEOS_DEPLOYMENT_TARGET = 8.0;
				LD_RUNPATH_SEARCH_PATHS = "$(inherited) @executable_path/Frameworks";
				PRODUCT_BUNDLE_IDENTIFIER = com.mitrevski.NavigationDrawer;
				PRODUCT_NAME = "$(TARGET_NAME)";
			};
			name = Release;
		};
/* End XCBuildConfiguration section */

/* Begin XCConfigurationList section */
		638981611C66785000DA1D46 /* Build configuration list for PBXProject "NavigationDrawer" */ = {
			isa = XCConfigurationList;
			buildConfigurations = (
				638981761C66785200DA1D46 /* Debug */,
				638981771C66785200DA1D46 /* Release */,
			);
			defaultConfigurationIsVisible = 0;
			defaultConfigurationName = Release;
		};
		638981781C66785200DA1D46 /* Build configuration list for PBXNativeTarget "NavigationDrawer" */ = {
			isa = XCConfigurationList;
			buildConfigurations = (
				638981791C66785200DA1D46 /* Debug */,
				6389817A1C66785200DA1D46 /* Release */,
			);
			defaultConfigurationIsVisible = 0;
			defaultConfigurationName = Release;
		};
/* End XCConfigurationList section */
	};
	rootObject = 6389815E1C66785000DA1D46 /* Project object */;
}
